dependencies:
  espressif/esp-modbus:
    component_hash: ac4b1a89da027225454554c958615b1e339a000fa886108083e9ce7dcf7d06c4
    source:
      service_url: https://api.components.espressif.com/
      type: service
    version: 1.0.12
  idf:
    component_hash: null
    source:
      type: idf
    version: 5.1.1
manifest_hash: 02a811ac0b9aebe03fe71f95ef0694da1144d8af3ccd23c1f08bbea112198a7f
target: esp32s3
version: 1.0.0
